
Microsoft Visual Studio Solution File, Format Version 12.00
# Visual Studio Version 17
VisualStudioVersion = 17.6.33829.357
MinimumVisualStudioVersion = 10.0.40219.1
Project("{FAE04EC0-301F-11D3-BF4B-00C04F79EFBC}") = "Chrome Pass Decryptor", "Chrome Pass Decryptor\Chrome Pass Decryptor.csproj", "{B18ED3A9-137C-447A-BCAF-F609A37BA477}"
EndProject
Global
	GlobalSection(SolutionConfigurationPlatforms) = preSolution
		Debug|Any CPU = Debug|Any CPU
		Release|Any CPU = Release|Any CPU
	EndGlobalSection
	GlobalSection(ProjectConfigurationPlatforms) = postSolution
		{B18ED3A9-137C-447A-BCAF-F609A37BA477}.Debug|Any CPU.ActiveCfg = Debug|Any CPU
		{B18ED3A9-137C-447A-BCAF-F609A37BA477}.Debug|Any CPU.Build.0 = Debug|Any CPU
		{B18ED3A9-137C-447A-BCAF-F609A37BA477}.Release|Any CPU.ActiveCfg = Release|Any CPU
		{B18ED3A9-137C-447A-BCAF-F609A37BA477}.Release|Any CPU.Build.0 = Release|Any CPU
	EndGlobalSection
	GlobalSection(SolutionProperties) = preSolution
		HideSolutionNode = FALSE
	EndGlobalSection
	GlobalSection(ExtensibilityGlobals) = postSolution
		SolutionGuid = {C9D37854-7877-43B2-8A88-EA1AB88E7698}
	EndGlobalSection
EndGlobal
